
Microsoft Visual Studio Solution File, Format Version 12.00
# Visual Studio Version 16
VisualStudioVersion = 16.0.32106.194
MinimumVisualStudioVersion = 10.0.40219.1
Project("{FAE04EC0-301F-11D3-BF4B-00C04F79EFBC}") = "AbbrivatedForm", "AbbrivatedForm\AbbrivatedForm.csproj", "{0BDE55F9-7F2E-494E-951F-946210AF3017}"
EndProject
Global
	GlobalSection(SolutionConfigurationPlatforms) = preSolution
		Debug|Any CPU = Debug|Any CPU
		Release|Any CPU = Release|Any CPU
	EndGlobalSection
	GlobalSection(ProjectConfigurationPlatforms) = postSolution
		{0BDE55F9-7F2E-494E-951F-946210AF3017}.Debug|Any CPU.ActiveCfg = Debug|Any CPU
		{0BDE55F9-7F2E-494E-951F-946210AF3017}.Debug|Any CPU.Build.0 = Debug|Any CPU
		{0BDE55F9-7F2E-494E-951F-946210AF3017}.Release|Any CPU.ActiveCfg = Release|Any CPU
		{0BDE55F9-7F2E-494E-951F-946210AF3017}.Release|Any CPU.Build.0 = Release|Any CPU
	EndGlobalSection
	GlobalSection(SolutionProperties) = preSolution
		HideSolutionNode = FALSE
	EndGlobalSection
	GlobalSection(ExtensibilityGlobals) = postSolution
		SolutionGuid = {BC8F5011-D922-48EF-8E49-85C9F83856FC}
	EndGlobalSection
EndGlobal
